schema: '2.0'
stages:
  batch_etl_ml:
    cmd: python3 scripts/run_spark_ml_processing.py
    deps:
    - path: data/bigdata/earthquake_bigdata.csv
      hash: md5
      md5: 103fbde5dd7e38a2d14e3167bb0d087f
      size: 29868450
      isexec: true
    - path: scripts/run_spark_ml_processing.py
      hash: md5
      md5: 6f8355c380fd380c146d0ce3d6d500f5
      size: 32269
      isexec: true
  evaluation:
    cmd: python3 scripts/run_spark_evaluation.py
    deps:
    - path: data/bigdata/earthquake_bigdata.csv
      hash: md5
      md5: 103fbde5dd7e38a2d14e3167bb0d087f
      size: 29868450
      isexec: true
    - path: scripts/run_spark_evaluation.py
      hash: md5
      md5: 3b585e978528b3b87b948ed68a00884c
      size: 36487
      isexec: true
